
Microsoft Visual Studio Solution File, Format Version 12.00
# Visual Studio 15
VisualStudioVersion = 15.0.26430.15
MinimumVisualStudioVersion = 10.0.40219.1
Project("{FAE04EC0-301F-11D3-BF4B-00C04F79EFBC}") = "IOSWeek1.Android", "IOSWeek1\IOSWeek1.Android\IOSWeek1.Android.csproj", "{85DAE571-D44E-45AF-82F8-23D58408394F}"
EndProject
Project("{FAE04EC0-301F-11D3-BF4B-00C04F79EFBC}") = "IOSWeek1.iOS", "IOSWeek1\IOSWeek1.iOS\IOSWeek1.iOS.csproj", "{7403762D-D0AA-424B-8380-586D8ABA1491}"
EndProject
Project("{FAE04EC0-301F-11D3-BF4B-00C04F79EFBC}") = "IOSWeek1", "IOSWeek1\IOSWeek1\IOSWeek1.csproj", "{5FD40872-09FC-46C4-892D-084C419EE126}"
EndProject
Global
	GlobalSection(SolutionConfigurationPlatforms) = preSolution
		Debug|Any CPU = Debug|Any CPU
		Debug|ARM = Debug|ARM
		Debug|iPhone = Debug|iPhone
		Debug|iPhoneSimulator = Debug|iPhoneSimulator
		Debug|x64 = Debug|x64
		Debug|x86 = Debug|x86
		Release|Any CPU = Release|Any CPU
		Release|ARM = Release|ARM
		Release|iPhone = Release|iPhone
		Release|iPhoneSimulator = Release|iPhoneSimulator
		Release|x64 = Release|x64
		Release|x86 = Release|x86
	EndGlobalSection
	GlobalSection(ProjectConfigurationPlatforms) = postSolution
		{85DAE571-D44E-45AF-82F8-23D58408394F}.Debug|Any CPU.ActiveCfg = Debug|Any CPU
		{85DAE571-D44E-45AF-82F8-23D58408394F}.Debug|Any CPU.Build.0 = Debug|Any CPU
		{85DAE571-D44E-45AF-82F8-23D58408394F}.Debug|Any CPU.Deploy.0 = Debug|Any CPU
		{85DAE571-D44E-45AF-82F8-23D58408394F}.Debug|ARM.ActiveCfg = Debug|Any CPU
		{85DAE571-D44E-45AF-82F8-23D58408394F}.Debug|ARM.Build.0 = Debug|Any CPU
		{85DAE571-D44E-45AF-82F8-23D58408394F}.Debug|ARM.Deploy.0 = Debug|Any CPU
		{85DAE571-D44E-45AF-82F8-23D58408394F}.Debug|iPhone.ActiveCfg = Debug|Any CPU
		{85DAE571-D44E-45AF-82F8-23D58408394F}.Debug|iPhone.Build.0 = Debug|Any CPU
		{85DAE571-D44E-45AF-82F8-23D58408394F}.Debug|iPhone.Deploy.0 = Debug|Any CPU
		{85DAE571-D44E-45AF-82F8-23D58408394F}.Debug|iPhoneSimulator.ActiveCfg = Debug|Any CPU
		{85DAE571-D44E-45AF-82F8-23D58408394F}.Debug|iPhoneSimulator.Build.0 = Debug|Any CPU
		{85DAE571-D44E-45AF-82F8-23D58408394F}.Debug|iPhoneSimulator.Deploy.0 = Debug|Any CPU
		{85DAE571-D44E-45AF-82F8-23D58408394F}.Debug|x64.ActiveCfg = Debug|Any CPU
		{85DAE571-D44E-45AF-82F8-23D58408394F}.Debug|x64.Build.0 = Debug|Any CPU
		{85DAE571-D44E-45AF-82F8-23D58408394F}.Debug|x64.Deploy.0 = Debug|Any CPU
		{85DAE571-D44E-45AF-82F8-23D58408394F}.Debug|x86.ActiveCfg = Debug|Any CPU
		{85DAE571-D44E-45AF-82F8-23D58408394F}.Debug|x86.Build.0 = Debug|Any CPU
		{85DAE571-D44E-45AF-82F8-23D58408394F}.Debug|x86.Deploy.0 = Debug|Any CPU
		{85DAE571-D44E-45AF-82F8-23D58408394F}.Release|Any CPU.ActiveCfg = Release|Any CPU
		{85DAE571-D44E-45AF-82F8-23D58408394F}.Release|Any CPU.Build.0 = Release|Any CPU
		{85DAE571-D44E-45AF-82F8-23D58408394F}.Release|Any CPU.Deploy.0 = Release|Any CPU
		{85DAE571-D44E-45AF-82F8-23D58408394F}.Release|ARM.ActiveCfg = Release|Any CPU
		{85DAE571-D44E-45AF-82F8-23D58408394F}.Release|ARM.Build.0 = Release|Any CPU
		{85DAE571-D44E-45AF-82F8-23D58408394F}.Release|ARM.Deploy.0 = Release|Any CPU
		{85DAE571-D44E-45AF-82F8-23D58408394F}.Release|iPhone.ActiveCfg = Release|Any CPU
		{85DAE571-D44E-45AF-82F8-23D58408394F}.Release|iPhone.Build.0 = Release|Any CPU
		{85DAE571-D44E-45AF-82F8-23D58408394F}.Release|iPhone.Deploy.0 = Release|Any CPU
		{85DAE571-D44E-45AF-82F8-23D58408394F}.Release|iPhoneSimulator.ActiveCfg = Release|Any CPU
		{85DAE571-D44E-45AF-82F8-23D58408394F}.Release|iPhoneSimulator.Build.0 = Release|Any CPU
		{85DAE571-D44E-45AF-82F8-23D58408394F}.Release|iPhoneSimulator.Deploy.0 = Release|Any CPU
		{85DAE571-D44E-45AF-82F8-23D58408394F}.Release|x64.ActiveCfg = Release|Any CPU
		{85DAE571-D44E-45AF-82F8-23D58408394F}.Release|x64.Build.0 = Release|Any CPU
		{85DAE571-D44E-45AF-82F8-23D58408394F}.Release|x64.Deploy.0 = Release|Any CPU
		{85DAE571-D44E-45AF-82F8-23D58408394F}.Release|x86.ActiveCfg = Release|Any CPU
		{85DAE571-D44E-45AF-82F8-23D58408394F}.Release|x86.Build.0 = Release|Any CPU
		{85DAE571-D44E-45AF-82F8-23D58408394F}.Release|x86.Deploy.0 = Release|Any CPU
		{7403762D-D0AA-424B-8380-586D8ABA1491}.Debug|Any CPU.ActiveCfg = Debug|iPhone
		{7403762D-D0AA-424B-8380-586D8ABA1491}.Debug|ARM.ActiveCfg = Debug|iPhone
		{7403762D-D0AA-424B-8380-586D8ABA1491}.Debug|iPhone.ActiveCfg = Debug|iPhone
		{7403762D-D0AA-424B-8380-586D8ABA1491}.Debug|iPhone.Build.0 = Debug|iPhone
		{7403762D-D0AA-424B-8380-586D8ABA1491}.Debug|iPhoneSimulator.ActiveCfg = Debug|iPhoneSimulator
		{7403762D-D0AA-424B-8380-586D8ABA1491}.Debug|iPhoneSimulator.Build.0 = Debug|iPhoneSimulator
		{7403762D-D0AA-424B-8380-586D8ABA1491}.Debug|x64.ActiveCfg = Debug|iPhone
		{7403762D-D0AA-424B-8380-586D8ABA1491}.Debug|x86.ActiveCfg = Debug|iPhone
		{7403762D-D0AA-424B-8380-586D8ABA1491}.Release|Any CPU.ActiveCfg = Release|iPhone
		{7403762D-D0AA-424B-8380-586D8ABA1491}.Release|ARM.ActiveCfg = Release|iPhone
		{7403762D-D0AA-424B-8380-586D8ABA1491}.Release|iPhone.ActiveCfg = Release|iPhone
		{7403762D-D0AA-424B-8380-586D8ABA1491}.Release|iPhone.Build.0 = Release|iPhone
		{7403762D-D0AA-424B-8380-586D8ABA1491}.Release|iPhoneSimulator.ActiveCfg = Release|iPhoneSimulator
		{7403762D-D0AA-424B-8380-586D8ABA1491}.Release|iPhoneSimulator.Build.0 = Release|iPhoneSimulator
		{7403762D-D0AA-424B-8380-586D8ABA1491}.Release|x64.ActiveCfg = Release|iPhone
		{7403762D-D0AA-424B-8380-586D8ABA1491}.Release|x86.ActiveCfg = Release|iPhone
		{5FD40872-09FC-46C4-892D-084C419EE126}.Debug|Any CPU.ActiveCfg = Debug|Any CPU
		{5FD40872-09FC-46C4-892D-084C419EE126}.Debug|Any CPU.Build.0 = Debug|Any CPU
		{5FD40872-09FC-46C4-892D-084C419EE126}.Debug|ARM.ActiveCfg = Debug|Any CPU
		{5FD40872-09FC-46C4-892D-084C419EE126}.Debug|ARM.Build.0 = Debug|Any CPU
		{5FD40872-09FC-46C4-892D-084C419EE126}.Debug|iPhone.ActiveCfg = Debug|Any CPU
		{5FD40872-09FC-46C4-892D-084C419EE126}.Debug|iPhone.Build.0 = Debug|Any CPU
		{5FD40872-09FC-46C4-892D-084C419EE126}.Debug|iPhoneSimulator.ActiveCfg = Debug|Any CPU
		{5FD40872-09FC-46C4-892D-084C419EE126}.Debug|iPhoneSimulator.Build.0 = Debug|Any CPU
		{5FD40872-09FC-46C4-892D-084C419EE126}.Debug|x64.ActiveCfg = Debug|Any CPU
		{5FD40872-09FC-46C4-892D-084C419EE126}.Debug|x64.Build.0 = Debug|Any CPU
		{5FD40872-09FC-46C4-892D-084C419EE126}.Debug|x86.ActiveCfg = Debug|Any CPU
		{5FD40872-09FC-46C4-892D-084C419EE126}.Debug|x86.Build.0 = Debug|Any CPU
		{5FD40872-09FC-46C4-892D-084C419EE126}.Release|Any CPU.ActiveCfg = Release|Any CPU
		{5FD40872-09FC-46C4-892D-084C419EE126}.Release|Any CPU.Build.0 = Release|Any CPU
		{5FD40872-09FC-46C4-892D-084C419EE126}.Release|ARM.ActiveCfg = Release|Any CPU
		{5FD40872-09FC-46C4-892D-084C419EE126}.Release|ARM.Build.0 = Release|Any CPU
		{5FD40872-09FC-46C4-892D-084C419EE126}.Release|iPhone.ActiveCfg = Release|Any CPU
		{5FD40872-09FC-46C4-892D-084C419EE126}.Release|iPhone.Build.0 = Release|Any CPU
		{5FD40872-09FC-46C4-892D-084C419EE126}.Release|iPhoneSimulator.ActiveCfg = Release|Any CPU
		{5FD40872-09FC-46C4-892D-084C419EE126}.Release|iPhoneSimulator.Build.0 = Release|Any CPU
		{5FD40872-09FC-46C4-892D-084C419EE126}.Release|x64.ActiveCfg = Release|Any CPU
		{5FD40872-09FC-46C4-892D-084C419EE126}.Release|x64.Build.0 = Release|Any CPU
		{5FD40872-09FC-46C4-892D-084C419EE126}.Release|x86.ActiveCfg = Release|Any CPU
		{5FD40872-09FC-46C4-892D-084C419EE126}.Release|x86.Build.0 = Release|Any CPU
	EndGlobalSection
	GlobalSection(SolutionProperties) = preSolution
		HideSolutionNode = FALSE
	EndGlobalSection
EndGlobal
